
Microsoft Visual Studio Solution File, Format Version 12.00
# Visual Studio 15
VisualStudioVersion = 15.0.28307.1525
MinimumVisualStudioVersion = 10.0.40219.1
Project("{FAE04EC0-301F-11D3-BF4B-00C04F79EFBC}") = "Q01", "Q01\Q01.csproj", "{C6D38D89-71CC-40E0-8409-81EEB2650D63}"
EndProject
Project("{FAE04EC0-301F-11D3-BF4B-00C04F79EFBC}") = "Q01.Test", "Q01.Test\Q01.Test.csproj", "{4AAACB37-BE89-454E-91F6-F545F6827AC9}"
EndProject
Global
	GlobalSection(SolutionConfigurationPlatforms) = preSolution
		Debug|Any CPU = Debug|Any CPU
		Release|Any CPU = Release|Any CPU
	EndGlobalSection
	GlobalSection(ProjectConfigurationPlatforms) = postSolution
		{C6D38D89-71CC-40E0-8409-81EEB2650D63}.Debug|Any CPU.ActiveCfg = Debug|Any CPU
		{C6D38D89-71CC-40E0-8409-81EEB2650D63}.Debug|Any CPU.Build.0 = Debug|Any CPU
		{C6D38D89-71CC-40E0-8409-81EEB2650D63}.Release|Any CPU.ActiveCfg = Release|Any CPU
		{C6D38D89-71CC-40E0-8409-81EEB2650D63}.Release|Any CPU.Build.0 = Release|Any CPU
		{4AAACB37-BE89-454E-91F6-F545F6827AC9}.Debug|Any CPU.ActiveCfg = Debug|Any CPU
		{4AAACB37-BE89-454E-91F6-F545F6827AC9}.Debug|Any CPU.Build.0 = Debug|Any CPU
		{4AAACB37-BE89-454E-91F6-F545F6827AC9}.Release|Any CPU.ActiveCfg = Release|Any CPU
		{4AAACB37-BE89-454E-91F6-F545F6827AC9}.Release|Any CPU.Build.0 = Release|Any CPU
	EndGlobalSection
	GlobalSection(SolutionProperties) = preSolution
		HideSolutionNode = FALSE
	EndGlobalSection
	GlobalSection(ExtensibilityGlobals) = postSolution
		SolutionGuid = {C9893CCD-A6EF-4311-95C7-BAB2AEBE391C}
	EndGlobalSection
EndGlobal
