
Microsoft Visual Studio Solution File, Format Version 12.00
# Visual Studio 15
VisualStudioVersion = 15.0.28307.1525
MinimumVisualStudioVersion = 10.0.40219.1
Project("{FAE04EC0-301F-11D3-BF4B-00C04F79EFBC}") = "Q01", "Q01\Q01.csproj", "{C6D38D89-71CC-40E0-8409-81EEB2650D63}"
EndProject
Project("{FAE04EC0-301F-11D3-BF4B-00C04F79EFBC}") = "Q01.Test", "Q01.Test\Q01.Test.csproj", "{4AAACB37-BE89-454E-91F6-F545F6827AC9}"
EndProject
Project("{FAE04EC0-301F-11D3-BF4B-00C04F79EFBC}") = "Q02", "Q02\Q02.csproj", "{51C85832-0D94-4D00-AFCD-2418AEBF9968}"
EndProject
Project("{FAE04EC0-301F-11D3-BF4B-00C04F79EFBC}") = "Q02.Test", "Q02.Test\Q02.Test.csproj", "{0C1E1B75-B2BF-4842-8E2E-83C88A025A01}"
EndProject
Project("{FAE04EC0-301F-11D3-BF4B-00C04F79EFBC}") = "Q03", "Q03\Q03.csproj", "{6C7FEF87-8F0A-4C80-835C-CBF516BABE3B}"
EndProject
Project("{FAE04EC0-301F-11D3-BF4B-00C04F79EFBC}") = "Q04", "Q04\Q04.csproj", "{0FDF8EE3-8BCF-419E-839B-B8EAFFBF3A70}"
EndProject
Project("{FAE04EC0-301F-11D3-BF4B-00C04F79EFBC}") = "Q04.Test", "Q04.Test\Q04.Test.csproj", "{E4B5D657-7372-4A23-BA74-BD49CCD82CF6}"
EndProject
Project("{FAE04EC0-301F-11D3-BF4B-00C04F79EFBC}") = "Q05", "Q05\Q05.csproj", "{1F86611A-6109-4251-8980-C0389E16BFB1}"
EndProject
Project("{FAE04EC0-301F-11D3-BF4B-00C04F79EFBC}") = "Q05.Test", "Q05.Test\Q05.Test.csproj", "{D044C399-4FC1-44DE-9385-C100AA339D3A}"
EndProject
Global
	GlobalSection(SolutionConfigurationPlatforms) = preSolution
		Debug|Any CPU = Debug|Any CPU
		Release|Any CPU = Release|Any CPU
	EndGlobalSection
	GlobalSection(ProjectConfigurationPlatforms) = postSolution
		{C6D38D89-71CC-40E0-8409-81EEB2650D63}.Debug|Any CPU.ActiveCfg = Debug|Any CPU
		{C6D38D89-71CC-40E0-8409-81EEB2650D63}.Debug|Any CPU.Build.0 = Debug|Any CPU
		{C6D38D89-71CC-40E0-8409-81EEB2650D63}.Release|Any CPU.ActiveCfg = Release|Any CPU
		{C6D38D89-71CC-40E0-8409-81EEB2650D63}.Release|Any CPU.Build.0 = Release|Any CPU
		{4AAACB37-BE89-454E-91F6-F545F6827AC9}.Debug|Any CPU.ActiveCfg = Debug|Any CPU
		{4AAACB37-BE89-454E-91F6-F545F6827AC9}.Debug|Any CPU.Build.0 = Debug|Any CPU
		{4AAACB37-BE89-454E-91F6-F545F6827AC9}.Release|Any CPU.ActiveCfg = Release|Any CPU
		{4AAACB37-BE89-454E-91F6-F545F6827AC9}.Release|Any CPU.Build.0 = Release|Any CPU
		{51C85832-0D94-4D00-AFCD-2418AEBF9968}.Debug|Any CPU.ActiveCfg = Debug|Any CPU
		{51C85832-0D94-4D00-AFCD-2418AEBF9968}.Debug|Any CPU.Build.0 = Debug|Any CPU
		{51C85832-0D94-4D00-AFCD-2418AEBF9968}.Release|Any CPU.ActiveCfg = Release|Any CPU
		{51C85832-0D94-4D00-AFCD-2418AEBF9968}.Release|Any CPU.Build.0 = Release|Any CPU
		{0C1E1B75-B2BF-4842-8E2E-83C88A025A01}.Debug|Any CPU.ActiveCfg = Debug|Any CPU
		{0C1E1B75-B2BF-4842-8E2E-83C88A025A01}.Debug|Any CPU.Build.0 = Debug|Any CPU
		{0C1E1B75-B2BF-4842-8E2E-83C88A025A01}.Release|Any CPU.ActiveCfg = Release|Any CPU
		{0C1E1B75-B2BF-4842-8E2E-83C88A025A01}.Release|Any CPU.Build.0 = Release|Any CPU
		{6C7FEF87-8F0A-4C80-835C-CBF516BABE3B}.Debug|Any CPU.ActiveCfg = Debug|Any CPU
		{6C7FEF87-8F0A-4C80-835C-CBF516BABE3B}.Debug|Any CPU.Build.0 = Debug|Any CPU
		{6C7FEF87-8F0A-4C80-835C-CBF516BABE3B}.Release|Any CPU.ActiveCfg = Release|Any CPU
		{6C7FEF87-8F0A-4C80-835C-CBF516BABE3B}.Release|Any CPU.Build.0 = Release|Any CPU
		{0FDF8EE3-8BCF-419E-839B-B8EAFFBF3A70}.Debug|Any CPU.ActiveCfg = Debug|Any CPU
		{0FDF8EE3-8BCF-419E-839B-B8EAFFBF3A70}.Debug|Any CPU.Build.0 = Debug|Any CPU
		{0FDF8EE3-8BCF-419E-839B-B8EAFFBF3A70}.Release|Any CPU.ActiveCfg = Release|Any CPU
		{0FDF8EE3-8BCF-419E-839B-B8EAFFBF3A70}.Release|Any CPU.Build.0 = Release|Any CPU
		{E4B5D657-7372-4A23-BA74-BD49CCD82CF6}.Debug|Any CPU.ActiveCfg = Debug|Any CPU
		{E4B5D657-7372-4A23-BA74-BD49CCD82CF6}.Debug|Any CPU.Build.0 = Debug|Any CPU
		{E4B5D657-7372-4A23-BA74-BD49CCD82CF6}.Release|Any CPU.ActiveCfg = Release|Any CPU
		{E4B5D657-7372-4A23-BA74-BD49CCD82CF6}.Release|Any CPU.Build.0 = Release|Any CPU
		{1F86611A-6109-4251-8980-C0389E16BFB1}.Debug|Any CPU.ActiveCfg = Debug|Any CPU
		{1F86611A-6109-4251-8980-C0389E16BFB1}.Debug|Any CPU.Build.0 = Debug|Any CPU
		{1F86611A-6109-4251-8980-C0389E16BFB1}.Release|Any CPU.ActiveCfg = Release|Any CPU
		{1F86611A-6109-4251-8980-C0389E16BFB1}.Release|Any CPU.Build.0 = Release|Any CPU
		{D044C399-4FC1-44DE-9385-C100AA339D3A}.Debug|Any CPU.ActiveCfg = Debug|Any CPU
		{D044C399-4FC1-44DE-9385-C100AA339D3A}.Debug|Any CPU.Build.0 = Debug|Any CPU
		{D044C399-4FC1-44DE-9385-C100AA339D3A}.Release|Any CPU.ActiveCfg = Release|Any CPU
		{D044C399-4FC1-44DE-9385-C100AA339D3A}.Release|Any CPU.Build.0 = Release|Any CPU
	EndGlobalSection
	GlobalSection(SolutionProperties) = preSolution
		HideSolutionNode = FALSE
	EndGlobalSection
	GlobalSection(ExtensibilityGlobals) = postSolution
		SolutionGuid = {C9893CCD-A6EF-4311-95C7-BAB2AEBE391C}
	EndGlobalSection
EndGlobal
